
Microsoft Visual Studio Solution File, Format Version 12.00
# Visual Studio Version 17
VisualStudioVersion = 17.6.33829.357
MinimumVisualStudioVersion = 10.0.40219.1
Project("{9A19103F-16F7-4668-BE54-9A1E7A4F7556}") = "Customer.Server", "Customer\Server\Customer.Server.csproj", "{422A114F-7607-45F5-A126-AF9B4682F7AF}"
EndProject
Project("{9A19103F-16F7-4668-BE54-9A1E7A4F7556}") = "Customer.Client", "Customer\Client\Customer.Client.csproj", "{C6213025-3C27-4DD1-8878-F6A011D165EF}"
EndProject
Project("{9A19103F-16F7-4668-BE54-9A1E7A4F7556}") = "Customer.Domain.Shared", "Customer\Shared\Customer.Domain.Shared.csproj", "{2EDECF9F-F5B3-4A35-BC07-5CA925D136C5}"
EndProject
Project("{9A19103F-16F7-4668-BE54-9A1E7A4F7556}") = "Management.Server", "Management\Server\Management.Server.csproj", "{76A5C5E1-363E-4361-BCA9-A54C329ED0B4}"
EndProject
Project("{9A19103F-16F7-4668-BE54-9A1E7A4F7556}") = "Management.Client", "Management\Client\Management.Client.csproj", "{B4422363-C312-4A66-AA4F-74DCA4BB35DB}"
EndProject
Project("{9A19103F-16F7-4668-BE54-9A1E7A4F7556}") = "Management.Domain.Shared", "Management\Shared\Management.Domain.Shared.csproj", "{CC3FFD9C-EE92-4233-9E86-23C1AC76F05C}"
EndProject
Project("{2150E333-8FDC-42A3-9474-1A3956D46DE8}") = "Customer", "Customer", "{6A79050C-47DF-4A0A-A3B3-5AC1B9B83944}"
EndProject
Project("{2150E333-8FDC-42A3-9474-1A3956D46DE8}") = "Management", "Management", "{DE1C9E74-C262-4836-A2D1-7C3A1726B65F}"
EndProject
Project("{9A19103F-16F7-4668-BE54-9A1E7A4F7556}") = "Customer.Application", "Customer.Application\Customer.Application.csproj", "{A7410B29-B23C-41A8-B4AD-BE8D10EDF6A5}"
EndProject
Project("{9A19103F-16F7-4668-BE54-9A1E7A4F7556}") = "Customer.Application.Contracts", "Customer.Application.Contracts\Customer.Application.Contracts.csproj", "{A2331AED-86EC-4E3A-AD3B-E80CB83737DD}"
EndProject
Project("{9A19103F-16F7-4668-BE54-9A1E7A4F7556}") = "Customer.Domain", "Customer.Domain\Customer.Domain.csproj", "{7BCA5B73-1982-4A7F-8252-BD47CCDE1B99}"
EndProject
Project("{9A19103F-16F7-4668-BE54-9A1E7A4F7556}") = "Customer.EntityFrameworkCore", "Customer.EntityFrameworkCore\Customer.EntityFrameworkCore.csproj", "{CE837189-774B-42F6-AFA3-AB913D920DD2}"
EndProject
Project("{2150E333-8FDC-42A3-9474-1A3956D46DE8}") = "HostCustomer", "HostCustomer", "{5A042EE1-CE2A-47C9-A497-3329F5CDC283}"
EndProject
Project("{2150E333-8FDC-42A3-9474-1A3956D46DE8}") = "UI_Customer", "UI_Customer", "{192E4671-A82B-44B7-86D7-823C81537716}"
EndProject
Project("{2150E333-8FDC-42A3-9474-1A3956D46DE8}") = "Hosting", "Hosting", "{8CECB4E2-7163-432B-B5B4-8A4D5E51CF97}"
EndProject
Project("{2150E333-8FDC-42A3-9474-1A3956D46DE8}") = "SRC", "SRC", "{CC5E00F3-76E9-4539-A63B-A90779ECB328}"
EndProject
Project("{2150E333-8FDC-42A3-9474-1A3956D46DE8}") = "HostManagement", "HostManagement", "{4DCDA2FD-7000-435A-A499-6F70F83B4282}"
EndProject
Project("{2150E333-8FDC-42A3-9474-1A3956D46DE8}") = "UI_Management", "UI_Management", "{C7148B85-4DC9-4321-93ED-6C846014B8B0}"
EndProject
Project("{9A19103F-16F7-4668-BE54-9A1E7A4F7556}") = "Management.Application", "Management.Application\Management.Application.csproj", "{39F90349-E3A4-43DA-9D4D-5D9DEDCCA107}"
EndProject
Project("{2150E333-8FDC-42A3-9474-1A3956D46DE8}") = "SRC", "SRC", "{E3BCD9C5-02E6-4E80-8E11-63ED7C258B52}"
EndProject
Project("{2150E333-8FDC-42A3-9474-1A3956D46DE8}") = "Hosting", "Hosting", "{8941A71D-1D99-4C15-B745-5D96305CF59A}"
EndProject
Project("{9A19103F-16F7-4668-BE54-9A1E7A4F7556}") = "Management.Application.Contracts", "Management.Application.Contracts\Management.Application.Contracts.csproj", "{5F114C73-BD13-49C2-9729-B892037CB03D}"
EndProject
Project("{9A19103F-16F7-4668-BE54-9A1E7A4F7556}") = "Management.Domain", "Management.Domain\Management.Domain.csproj", "{8F1CB8B6-3DF6-4F8E-B878-5EB83780026B}"
EndProject
Project("{9A19103F-16F7-4668-BE54-9A1E7A4F7556}") = "Management.EntityFrameworkCore", "Management.EntityFrameworkCore\Management.EntityFrameworkCore.csproj", "{F2B8FFD0-CAAB-4BAD-A36C-9A77E99F47A5}"
EndProject
Global
	GlobalSection(SolutionConfigurationPlatforms) = preSolution
		Debug|Any CPU = Debug|Any CPU
		Release|Any CPU = Release|Any CPU
	EndGlobalSection
	GlobalSection(ProjectConfigurationPlatforms) = postSolution
		{422A114F-7607-45F5-A126-AF9B4682F7AF}.Debug|Any CPU.ActiveCfg = Debug|Any CPU
		{422A114F-7607-45F5-A126-AF9B4682F7AF}.Debug|Any CPU.Build.0 = Debug|Any CPU
		{422A114F-7607-45F5-A126-AF9B4682F7AF}.Release|Any CPU.ActiveCfg = Release|Any CPU
		{422A114F-7607-45F5-A126-AF9B4682F7AF}.Release|Any CPU.Build.0 = Release|Any CPU
		{C6213025-3C27-4DD1-8878-F6A011D165EF}.Debug|Any CPU.ActiveCfg = Debug|Any CPU
		{C6213025-3C27-4DD1-8878-F6A011D165EF}.Debug|Any CPU.Build.0 = Debug|Any CPU
		{C6213025-3C27-4DD1-8878-F6A011D165EF}.Release|Any CPU.ActiveCfg = Release|Any CPU
		{C6213025-3C27-4DD1-8878-F6A011D165EF}.Release|Any CPU.Build.0 = Release|Any CPU
		{2EDECF9F-F5B3-4A35-BC07-5CA925D136C5}.Debug|Any CPU.ActiveCfg = Debug|Any CPU
		{2EDECF9F-F5B3-4A35-BC07-5CA925D136C5}.Debug|Any CPU.Build.0 = Debug|Any CPU
		{2EDECF9F-F5B3-4A35-BC07-5CA925D136C5}.Release|Any CPU.ActiveCfg = Release|Any CPU
		{2EDECF9F-F5B3-4A35-BC07-5CA925D136C5}.Release|Any CPU.Build.0 = Release|Any CPU
		{76A5C5E1-363E-4361-BCA9-A54C329ED0B4}.Debug|Any CPU.ActiveCfg = Debug|Any CPU
		{76A5C5E1-363E-4361-BCA9-A54C329ED0B4}.Debug|Any CPU.Build.0 = Debug|Any CPU
		{76A5C5E1-363E-4361-BCA9-A54C329ED0B4}.Release|Any CPU.ActiveCfg = Release|Any CPU
		{76A5C5E1-363E-4361-BCA9-A54C329ED0B4}.Release|Any CPU.Build.0 = Release|Any CPU
		{B4422363-C312-4A66-AA4F-74DCA4BB35DB}.Debug|Any CPU.ActiveCfg = Debug|Any CPU
		{B4422363-C312-4A66-AA4F-74DCA4BB35DB}.Debug|Any CPU.Build.0 = Debug|Any CPU
		{B4422363-C312-4A66-AA4F-74DCA4BB35DB}.Release|Any CPU.ActiveCfg = Release|Any CPU
		{B4422363-C312-4A66-AA4F-74DCA4BB35DB}.Release|Any CPU.Build.0 = Release|Any CPU
		{CC3FFD9C-EE92-4233-9E86-23C1AC76F05C}.Debug|Any CPU.ActiveCfg = Debug|Any CPU
		{CC3FFD9C-EE92-4233-9E86-23C1AC76F05C}.Debug|Any CPU.Build.0 = Debug|Any CPU
		{CC3FFD9C-EE92-4233-9E86-23C1AC76F05C}.Release|Any CPU.ActiveCfg = Release|Any CPU
		{CC3FFD9C-EE92-4233-9E86-23C1AC76F05C}.Release|Any CPU.Build.0 = Release|Any CPU
		{A7410B29-B23C-41A8-B4AD-BE8D10EDF6A5}.Debug|Any CPU.ActiveCfg = Debug|Any CPU
		{A7410B29-B23C-41A8-B4AD-BE8D10EDF6A5}.Debug|Any CPU.Build.0 = Debug|Any CPU
		{A7410B29-B23C-41A8-B4AD-BE8D10EDF6A5}.Release|Any CPU.ActiveCfg = Release|Any CPU
		{A7410B29-B23C-41A8-B4AD-BE8D10EDF6A5}.Release|Any CPU.Build.0 = Release|Any CPU
		{A2331AED-86EC-4E3A-AD3B-E80CB83737DD}.Debug|Any CPU.ActiveCfg = Debug|Any CPU
		{A2331AED-86EC-4E3A-AD3B-E80CB83737DD}.Debug|Any CPU.Build.0 = Debug|Any CPU
		{A2331AED-86EC-4E3A-AD3B-E80CB83737DD}.Release|Any CPU.ActiveCfg = Release|Any CPU
		{A2331AED-86EC-4E3A-AD3B-E80CB83737DD}.Release|Any CPU.Build.0 = Release|Any CPU
		{7BCA5B73-1982-4A7F-8252-BD47CCDE1B99}.Debug|Any CPU.ActiveCfg = Debug|Any CPU
		{7BCA5B73-1982-4A7F-8252-BD47CCDE1B99}.Debug|Any CPU.Build.0 = Debug|Any CPU
		{7BCA5B73-1982-4A7F-8252-BD47CCDE1B99}.Release|Any CPU.ActiveCfg = Release|Any CPU
		{7BCA5B73-1982-4A7F-8252-BD47CCDE1B99}.Release|Any CPU.Build.0 = Release|Any CPU
		{CE837189-774B-42F6-AFA3-AB913D920DD2}.Debug|Any CPU.ActiveCfg = Debug|Any CPU
		{CE837189-774B-42F6-AFA3-AB913D920DD2}.Debug|Any CPU.Build.0 = Debug|Any CPU
		{CE837189-774B-42F6-AFA3-AB913D920DD2}.Release|Any CPU.ActiveCfg = Release|Any CPU
		{CE837189-774B-42F6-AFA3-AB913D920DD2}.Release|Any CPU.Build.0 = Release|Any CPU
		{39F90349-E3A4-43DA-9D4D-5D9DEDCCA107}.Debug|Any CPU.ActiveCfg = Debug|Any CPU
		{39F90349-E3A4-43DA-9D4D-5D9DEDCCA107}.Debug|Any CPU.Build.0 = Debug|Any CPU
		{39F90349-E3A4-43DA-9D4D-5D9DEDCCA107}.Release|Any CPU.ActiveCfg = Release|Any CPU
		{39F90349-E3A4-43DA-9D4D-5D9DEDCCA107}.Release|Any CPU.Build.0 = Release|Any CPU
		{5F114C73-BD13-49C2-9729-B892037CB03D}.Debug|Any CPU.ActiveCfg = Debug|Any CPU
		{5F114C73-BD13-49C2-9729-B892037CB03D}.Debug|Any CPU.Build.0 = Debug|Any CPU
		{5F114C73-BD13-49C2-9729-B892037CB03D}.Release|Any CPU.ActiveCfg = Release|Any CPU
		{5F114C73-BD13-49C2-9729-B892037CB03D}.Release|Any CPU.Build.0 = Release|Any CPU
		{8F1CB8B6-3DF6-4F8E-B878-5EB83780026B}.Debug|Any CPU.ActiveCfg = Debug|Any CPU
		{8F1CB8B6-3DF6-4F8E-B878-5EB83780026B}.Debug|Any CPU.Build.0 = Debug|Any CPU
		{8F1CB8B6-3DF6-4F8E-B878-5EB83780026B}.Release|Any CPU.ActiveCfg = Release|Any CPU
		{8F1CB8B6-3DF6-4F8E-B878-5EB83780026B}.Release|Any CPU.Build.0 = Release|Any CPU
		{F2B8FFD0-CAAB-4BAD-A36C-9A77E99F47A5}.Debug|Any CPU.ActiveCfg = Debug|Any CPU
		{F2B8FFD0-CAAB-4BAD-A36C-9A77E99F47A5}.Debug|Any CPU.Build.0 = Debug|Any CPU
		{F2B8FFD0-CAAB-4BAD-A36C-9A77E99F47A5}.Release|Any CPU.ActiveCfg = Release|Any CPU
		{F2B8FFD0-CAAB-4BAD-A36C-9A77E99F47A5}.Release|Any CPU.Build.0 = Release|Any CPU
	EndGlobalSection
	GlobalSection(SolutionProperties) = preSolution
		HideSolutionNode = FALSE
	EndGlobalSection
	GlobalSection(NestedProjects) = preSolution
		{422A114F-7607-45F5-A126-AF9B4682F7AF} = {8CECB4E2-7163-432B-B5B4-8A4D5E51CF97}
		{C6213025-3C27-4DD1-8878-F6A011D165EF} = {192E4671-A82B-44B7-86D7-823C81537716}
		{2EDECF9F-F5B3-4A35-BC07-5CA925D136C5} = {CC5E00F3-76E9-4539-A63B-A90779ECB328}
		{76A5C5E1-363E-4361-BCA9-A54C329ED0B4} = {8941A71D-1D99-4C15-B745-5D96305CF59A}
		{B4422363-C312-4A66-AA4F-74DCA4BB35DB} = {C7148B85-4DC9-4321-93ED-6C846014B8B0}
		{CC3FFD9C-EE92-4233-9E86-23C1AC76F05C} = {E3BCD9C5-02E6-4E80-8E11-63ED7C258B52}
		{A7410B29-B23C-41A8-B4AD-BE8D10EDF6A5} = {CC5E00F3-76E9-4539-A63B-A90779ECB328}
		{A2331AED-86EC-4E3A-AD3B-E80CB83737DD} = {CC5E00F3-76E9-4539-A63B-A90779ECB328}
		{7BCA5B73-1982-4A7F-8252-BD47CCDE1B99} = {CC5E00F3-76E9-4539-A63B-A90779ECB328}
		{CE837189-774B-42F6-AFA3-AB913D920DD2} = {CC5E00F3-76E9-4539-A63B-A90779ECB328}
		{5A042EE1-CE2A-47C9-A497-3329F5CDC283} = {6A79050C-47DF-4A0A-A3B3-5AC1B9B83944}
		{192E4671-A82B-44B7-86D7-823C81537716} = {6A79050C-47DF-4A0A-A3B3-5AC1B9B83944}
		{8CECB4E2-7163-432B-B5B4-8A4D5E51CF97} = {5A042EE1-CE2A-47C9-A497-3329F5CDC283}
		{CC5E00F3-76E9-4539-A63B-A90779ECB328} = {5A042EE1-CE2A-47C9-A497-3329F5CDC283}
		{4DCDA2FD-7000-435A-A499-6F70F83B4282} = {DE1C9E74-C262-4836-A2D1-7C3A1726B65F}
		{C7148B85-4DC9-4321-93ED-6C846014B8B0} = {DE1C9E74-C262-4836-A2D1-7C3A1726B65F}
		{39F90349-E3A4-43DA-9D4D-5D9DEDCCA107} = {E3BCD9C5-02E6-4E80-8E11-63ED7C258B52}
		{E3BCD9C5-02E6-4E80-8E11-63ED7C258B52} = {4DCDA2FD-7000-435A-A499-6F70F83B4282}
		{8941A71D-1D99-4C15-B745-5D96305CF59A} = {4DCDA2FD-7000-435A-A499-6F70F83B4282}
		{5F114C73-BD13-49C2-9729-B892037CB03D} = {E3BCD9C5-02E6-4E80-8E11-63ED7C258B52}
		{8F1CB8B6-3DF6-4F8E-B878-5EB83780026B} = {E3BCD9C5-02E6-4E80-8E11-63ED7C258B52}
		{F2B8FFD0-CAAB-4BAD-A36C-9A77E99F47A5} = {E3BCD9C5-02E6-4E80-8E11-63ED7C258B52}
	EndGlobalSection
	GlobalSection(ExtensibilityGlobals) = postSolution
		SolutionGuid = {BF329DF3-9B61-425B-B6C9-85333ED3C5B2}
	EndGlobalSection
EndGlobal
